
Microsoft Visual Studio Solution File, Format Version 12.00
# Visual Studio Version 16
VisualStudioVersion = 16.0.31702.278
MinimumVisualStudioVersion = 10.0.40219.1
Project("{FAE04EC0-301F-11D3-BF4B-00C04F79EFBC}") = "01. Sort Even Numbers", "01. Sort Even Numbers\01. Sort Even Numbers.csproj", "{96919FC5-D338-4DE1-9226-3129E6B01F40}"
EndProject
Project("{FAE04EC0-301F-11D3-BF4B-00C04F79EFBC}") = "02. Sum Numbers", "02. Sum Numbers\02. Sum Numbers.csproj", "{D0C00B51-5798-4B30-84D0-1FB157F79EA7}"
EndProject
Project("{FAE04EC0-301F-11D3-BF4B-00C04F79EFBC}") = "03. Count Uppercase Words", "03. Count Uppercase Words\03. Count Uppercase Words.csproj", "{F6DF969D-8DB9-4174-8ED9-ACF1BBD48310}"
EndProject
Project("{FAE04EC0-301F-11D3-BF4B-00C04F79EFBC}") = "04. Add VAT", "04. Add VAT\04. Add VAT.csproj", "{119CCE9C-B0CF-46B0-9FF2-7BCF231540BC}"
EndProject
Project("{FAE04EC0-301F-11D3-BF4B-00C04F79EFBC}") = "05. Filter By Age", "05. Filter By Age\05. Filter By Age.csproj", "{45D908B7-7FCB-4EA7-9E08-7AD47F322F62}"
EndProject
Global
	GlobalSection(SolutionConfigurationPlatforms) = preSolution
		Debug|Any CPU = Debug|Any CPU
		Release|Any CPU = Release|Any CPU
	EndGlobalSection
	GlobalSection(ProjectConfigurationPlatforms) = postSolution
		{96919FC5-D338-4DE1-9226-3129E6B01F40}.Debug|Any CPU.ActiveCfg = Debug|Any CPU
		{96919FC5-D338-4DE1-9226-3129E6B01F40}.Debug|Any CPU.Build.0 = Debug|Any CPU
		{96919FC5-D338-4DE1-9226-3129E6B01F40}.Release|Any CPU.ActiveCfg = Release|Any CPU
		{96919FC5-D338-4DE1-9226-3129E6B01F40}.Release|Any CPU.Build.0 = Release|Any CPU
		{D0C00B51-5798-4B30-84D0-1FB157F79EA7}.Debug|Any CPU.ActiveCfg = Debug|Any CPU
		{D0C00B51-5798-4B30-84D0-1FB157F79EA7}.Debug|Any CPU.Build.0 = Debug|Any CPU
		{D0C00B51-5798-4B30-84D0-1FB157F79EA7}.Release|Any CPU.ActiveCfg = Release|Any CPU
		{D0C00B51-5798-4B30-84D0-1FB157F79EA7}.Release|Any CPU.Build.0 = Release|Any CPU
		{F6DF969D-8DB9-4174-8ED9-ACF1BBD48310}.Debug|Any CPU.ActiveCfg = Debug|Any CPU
		{F6DF969D-8DB9-4174-8ED9-ACF1BBD48310}.Debug|Any CPU.Build.0 = Debug|Any CPU
		{F6DF969D-8DB9-4174-8ED9-ACF1BBD48310}.Release|Any CPU.ActiveCfg = Release|Any CPU
		{F6DF969D-8DB9-4174-8ED9-ACF1BBD48310}.Release|Any CPU.Build.0 = Release|Any CPU
		{119CCE9C-B0CF-46B0-9FF2-7BCF231540BC}.Debug|Any CPU.ActiveCfg = Debug|Any CPU
		{119CCE9C-B0CF-46B0-9FF2-7BCF231540BC}.Debug|Any CPU.Build.0 = Debug|Any CPU
		{119CCE9C-B0CF-46B0-9FF2-7BCF231540BC}.Release|Any CPU.ActiveCfg = Release|Any CPU
		{119CCE9C-B0CF-46B0-9FF2-7BCF231540BC}.Release|Any CPU.Build.0 = Release|Any CPU
		{45D908B7-7FCB-4EA7-9E08-7AD47F322F62}.Debug|Any CPU.ActiveCfg = Debug|Any CPU
		{45D908B7-7FCB-4EA7-9E08-7AD47F322F62}.Debug|Any CPU.Build.0 = Debug|Any CPU
		{45D908B7-7FCB-4EA7-9E08-7AD47F322F62}.Release|Any CPU.ActiveCfg = Release|Any CPU
		{45D908B7-7FCB-4EA7-9E08-7AD47F322F62}.Release|Any CPU.Build.0 = Release|Any CPU
	EndGlobalSection
	GlobalSection(SolutionProperties) = preSolution
		HideSolutionNode = FALSE
	EndGlobalSection
	GlobalSection(ExtensibilityGlobals) = postSolution
		SolutionGuid = {173CF5B3-F255-4B56-8A2D-D1F4BBBC4236}
	EndGlobalSection
EndGlobal
