
Microsoft Visual Studio Solution File, Format Version 12.00
# Visual Studio Version 16
VisualStudioVersion = 16.0.31729.503
MinimumVisualStudioVersion = 10.0.40219.1
Project("{9A19103F-16F7-4668-BE54-9A1E7A4F7556}") = "AnimalFarm", "AnimalFarm\AnimalFarm.csproj", "{85C8843A-E04D-4CFB-99E7-AF38496A31F3}"
EndProject
Project("{9A19103F-16F7-4668-BE54-9A1E7A4F7556}") = "ClassBoxData", "Class Box Data\ClassBoxData.csproj", "{0F2BC195-5376-4617-B7B1-6FEC599889EA}"
EndProject
Project("{9A19103F-16F7-4668-BE54-9A1E7A4F7556}") = "ShoppingSpree", "ShoppingSpree\ShoppingSpree.csproj", "{F1465EFC-B3F3-4AB9-8ACE-775CCB5BC0E0}"
EndProject
Project("{9A19103F-16F7-4668-BE54-9A1E7A4F7556}") = "PizzaCalories", "PizzaCalories\PizzaCalories.csproj", "{B342D170-D1F3-446E-9D83-C6DBF9DE5B14}"
EndProject
Project("{FAE04EC0-301F-11D3-BF4B-00C04F79EFBC}") = "FootballTeamGenerator", "FootballTeamGenerator\FootballTeamGenerator.csproj", "{86F4CD6F-7BAE-4880-A5CF-7CD9EE401F3D}"
EndProject
Global
	GlobalSection(SolutionConfigurationPlatforms) = preSolution
		Debug|Any CPU = Debug|Any CPU
		Release|Any CPU = Release|Any CPU
	EndGlobalSection
	GlobalSection(ProjectConfigurationPlatforms) = postSolution
		{85C8843A-E04D-4CFB-99E7-AF38496A31F3}.Debug|Any CPU.ActiveCfg = Debug|Any CPU
		{85C8843A-E04D-4CFB-99E7-AF38496A31F3}.Debug|Any CPU.Build.0 = Debug|Any CPU
		{85C8843A-E04D-4CFB-99E7-AF38496A31F3}.Release|Any CPU.ActiveCfg = Release|Any CPU
		{85C8843A-E04D-4CFB-99E7-AF38496A31F3}.Release|Any CPU.Build.0 = Release|Any CPU
		{0F2BC195-5376-4617-B7B1-6FEC599889EA}.Debug|Any CPU.ActiveCfg = Debug|Any CPU
		{0F2BC195-5376-4617-B7B1-6FEC599889EA}.Debug|Any CPU.Build.0 = Debug|Any CPU
		{0F2BC195-5376-4617-B7B1-6FEC599889EA}.Release|Any CPU.ActiveCfg = Release|Any CPU
		{0F2BC195-5376-4617-B7B1-6FEC599889EA}.Release|Any CPU.Build.0 = Release|Any CPU
		{F1465EFC-B3F3-4AB9-8ACE-775CCB5BC0E0}.Debug|Any CPU.ActiveCfg = Debug|Any CPU
		{F1465EFC-B3F3-4AB9-8ACE-775CCB5BC0E0}.Debug|Any CPU.Build.0 = Debug|Any CPU
		{F1465EFC-B3F3-4AB9-8ACE-775CCB5BC0E0}.Release|Any CPU.ActiveCfg = Release|Any CPU
		{F1465EFC-B3F3-4AB9-8ACE-775CCB5BC0E0}.Release|Any CPU.Build.0 = Release|Any CPU
		{B342D170-D1F3-446E-9D83-C6DBF9DE5B14}.Debug|Any CPU.ActiveCfg = Debug|Any CPU
		{B342D170-D1F3-446E-9D83-C6DBF9DE5B14}.Debug|Any CPU.Build.0 = Debug|Any CPU
		{B342D170-D1F3-446E-9D83-C6DBF9DE5B14}.Release|Any CPU.ActiveCfg = Release|Any CPU
		{B342D170-D1F3-446E-9D83-C6DBF9DE5B14}.Release|Any CPU.Build.0 = Release|Any CPU
		{86F4CD6F-7BAE-4880-A5CF-7CD9EE401F3D}.Debug|Any CPU.ActiveCfg = Debug|Any CPU
		{86F4CD6F-7BAE-4880-A5CF-7CD9EE401F3D}.Debug|Any CPU.Build.0 = Debug|Any CPU
		{86F4CD6F-7BAE-4880-A5CF-7CD9EE401F3D}.Release|Any CPU.ActiveCfg = Release|Any CPU
		{86F4CD6F-7BAE-4880-A5CF-7CD9EE401F3D}.Release|Any CPU.Build.0 = Release|Any CPU
	EndGlobalSection
	GlobalSection(SolutionProperties) = preSolution
		HideSolutionNode = FALSE
	EndGlobalSection
	GlobalSection(ExtensibilityGlobals) = postSolution
		SolutionGuid = {D9B82632-9489-4942-9437-95E1A700F341}
	EndGlobalSection
EndGlobal
