
Microsoft Visual Studio Solution File, Format Version 12.00
# Visual Studio Version 16
VisualStudioVersion = 16.0.31402.337
MinimumVisualStudioVersion = 10.0.40219.1
Project("{9A19103F-16F7-4668-BE54-9A1E7A4F7556}") = "01. Data Types", "01. Data Types\01. Data Types.csproj", "{C64C985C-C57F-4FF5-8816-015E42707FAF}"
EndProject
Project("{9A19103F-16F7-4668-BE54-9A1E7A4F7556}") = "02. Center Point", "02. Center Point\02. Center Point.csproj", "{E566FDEE-30E4-40BB-8456-4FFDAC4B332A}"
EndProject
Project("{9A19103F-16F7-4668-BE54-9A1E7A4F7556}") = "03. Longer Line", "03. Longer Line\03. Longer Line.csproj", "{D6C06996-A808-465E-94B2-E971213C20C5}"
EndProject
Project("{9A19103F-16F7-4668-BE54-9A1E7A4F7556}") = "04. Tribonacci Sequence", "04. Tribonacci Sequence\04. Tribonacci Sequence.csproj", "{57F3059E-D31E-407A-A311-F6A4885F1B25}"
EndProject
Project("{FAE04EC0-301F-11D3-BF4B-00C04F79EFBC}") = "05. Multiplication Sign", "05. Multiplication Sign\05. Multiplication Sign.csproj", "{ECA4220C-8A76-4044-8ED8-E7F205EFC384}"
EndProject
Global
	GlobalSection(SolutionConfigurationPlatforms) = preSolution
		Debug|Any CPU = Debug|Any CPU
		Release|Any CPU = Release|Any CPU
	EndGlobalSection
	GlobalSection(ProjectConfigurationPlatforms) = postSolution
		{C64C985C-C57F-4FF5-8816-015E42707FAF}.Debug|Any CPU.ActiveCfg = Debug|Any CPU
		{C64C985C-C57F-4FF5-8816-015E42707FAF}.Debug|Any CPU.Build.0 = Debug|Any CPU
		{C64C985C-C57F-4FF5-8816-015E42707FAF}.Release|Any CPU.ActiveCfg = Release|Any CPU
		{C64C985C-C57F-4FF5-8816-015E42707FAF}.Release|Any CPU.Build.0 = Release|Any CPU
		{E566FDEE-30E4-40BB-8456-4FFDAC4B332A}.Debug|Any CPU.ActiveCfg = Debug|Any CPU
		{E566FDEE-30E4-40BB-8456-4FFDAC4B332A}.Debug|Any CPU.Build.0 = Debug|Any CPU
		{E566FDEE-30E4-40BB-8456-4FFDAC4B332A}.Release|Any CPU.ActiveCfg = Release|Any CPU
		{E566FDEE-30E4-40BB-8456-4FFDAC4B332A}.Release|Any CPU.Build.0 = Release|Any CPU
		{D6C06996-A808-465E-94B2-E971213C20C5}.Debug|Any CPU.ActiveCfg = Debug|Any CPU
		{D6C06996-A808-465E-94B2-E971213C20C5}.Debug|Any CPU.Build.0 = Debug|Any CPU
		{D6C06996-A808-465E-94B2-E971213C20C5}.Release|Any CPU.ActiveCfg = Release|Any CPU
		{D6C06996-A808-465E-94B2-E971213C20C5}.Release|Any CPU.Build.0 = Release|Any CPU
		{57F3059E-D31E-407A-A311-F6A4885F1B25}.Debug|Any CPU.ActiveCfg = Debug|Any CPU
		{57F3059E-D31E-407A-A311-F6A4885F1B25}.Debug|Any CPU.Build.0 = Debug|Any CPU
		{57F3059E-D31E-407A-A311-F6A4885F1B25}.Release|Any CPU.ActiveCfg = Release|Any CPU
		{57F3059E-D31E-407A-A311-F6A4885F1B25}.Release|Any CPU.Build.0 = Release|Any CPU
		{ECA4220C-8A76-4044-8ED8-E7F205EFC384}.Debug|Any CPU.ActiveCfg = Debug|Any CPU
		{ECA4220C-8A76-4044-8ED8-E7F205EFC384}.Debug|Any CPU.Build.0 = Debug|Any CPU
		{ECA4220C-8A76-4044-8ED8-E7F205EFC384}.Release|Any CPU.ActiveCfg = Release|Any CPU
		{ECA4220C-8A76-4044-8ED8-E7F205EFC384}.Release|Any CPU.Build.0 = Release|Any CPU
	EndGlobalSection
	GlobalSection(SolutionProperties) = preSolution
		HideSolutionNode = FALSE
	EndGlobalSection
	GlobalSection(ExtensibilityGlobals) = postSolution
		SolutionGuid = {E25CD15C-C202-4F8E-B7CA-7330A21E701F}
	EndGlobalSection
EndGlobal
