
Microsoft Visual Studio Solution File, Format Version 12.00
# Visual Studio Version 16
VisualStudioVersion = 16.0.31624.102
MinimumVisualStudioVersion = 10.0.40219.1
Project("{9A19103F-16F7-4668-BE54-9A1E7A4F7556}") = "1. Sum Matrix Elements", "1. Sum Matrix Elements\1. Sum Matrix Elements.csproj", "{FD54F296-0866-432B-8D41-56EA22FEA28B}"
EndProject
Project("{9A19103F-16F7-4668-BE54-9A1E7A4F7556}") = "2. Sum Matrix Columns", "2. Sum Matrix Columns\2. Sum Matrix Columns.csproj", "{DF2453EF-9554-4332-8C17-8FDAEC8C809A}"
EndProject
Project("{9A19103F-16F7-4668-BE54-9A1E7A4F7556}") = "3. Primary Diagonal", "3. Primary Diagonal\3. Primary Diagonal.csproj", "{CCEF792D-DCDA-4EA6-AC10-5A2DEB5977C0}"
EndProject
Project("{9A19103F-16F7-4668-BE54-9A1E7A4F7556}") = "4. Symbol in Matrix", "4. Symbol in Matrix\4. Symbol in Matrix.csproj", "{CC8C9858-34E9-43D6-AC75-15EE76045EE1}"
EndProject
Project("{9A19103F-16F7-4668-BE54-9A1E7A4F7556}") = "5. Square With Maximum Sum", "5. Square With Maximum Sum\5. Square With Maximum Sum.csproj", "{04C86EC5-9C1A-4C5E-A8B7-012E96FC5D93}"
EndProject
Project("{9A19103F-16F7-4668-BE54-9A1E7A4F7556}") = "6. Jagged-Array Modification", "6. Jagged-Array Modification\6. Jagged-Array Modification.csproj", "{19890C3E-891B-4A87-AFFD-A5B4A369A34A}"
EndProject
Project("{FAE04EC0-301F-11D3-BF4B-00C04F79EFBC}") = "7. Pascal Triangle", "7. Pascal Triangle\7. Pascal Triangle.csproj", "{3D3DCA91-2756-4E84-AC9F-BE90A1A33968}"
EndProject
Global
	GlobalSection(SolutionConfigurationPlatforms) = preSolution
		Debug|Any CPU = Debug|Any CPU
		Release|Any CPU = Release|Any CPU
	EndGlobalSection
	GlobalSection(ProjectConfigurationPlatforms) = postSolution
		{FD54F296-0866-432B-8D41-56EA22FEA28B}.Debug|Any CPU.ActiveCfg = Debug|Any CPU
		{FD54F296-0866-432B-8D41-56EA22FEA28B}.Debug|Any CPU.Build.0 = Debug|Any CPU
		{FD54F296-0866-432B-8D41-56EA22FEA28B}.Release|Any CPU.ActiveCfg = Release|Any CPU
		{FD54F296-0866-432B-8D41-56EA22FEA28B}.Release|Any CPU.Build.0 = Release|Any CPU
		{DF2453EF-9554-4332-8C17-8FDAEC8C809A}.Debug|Any CPU.ActiveCfg = Debug|Any CPU
		{DF2453EF-9554-4332-8C17-8FDAEC8C809A}.Debug|Any CPU.Build.0 = Debug|Any CPU
		{DF2453EF-9554-4332-8C17-8FDAEC8C809A}.Release|Any CPU.ActiveCfg = Release|Any CPU
		{DF2453EF-9554-4332-8C17-8FDAEC8C809A}.Release|Any CPU.Build.0 = Release|Any CPU
		{CCEF792D-DCDA-4EA6-AC10-5A2DEB5977C0}.Debug|Any CPU.ActiveCfg = Debug|Any CPU
		{CCEF792D-DCDA-4EA6-AC10-5A2DEB5977C0}.Debug|Any CPU.Build.0 = Debug|Any CPU
		{CCEF792D-DCDA-4EA6-AC10-5A2DEB5977C0}.Release|Any CPU.ActiveCfg = Release|Any CPU
		{CCEF792D-DCDA-4EA6-AC10-5A2DEB5977C0}.Release|Any CPU.Build.0 = Release|Any CPU
		{CC8C9858-34E9-43D6-AC75-15EE76045EE1}.Debug|Any CPU.ActiveCfg = Debug|Any CPU
		{CC8C9858-34E9-43D6-AC75-15EE76045EE1}.Debug|Any CPU.Build.0 = Debug|Any CPU
		{CC8C9858-34E9-43D6-AC75-15EE76045EE1}.Release|Any CPU.ActiveCfg = Release|Any CPU
		{CC8C9858-34E9-43D6-AC75-15EE76045EE1}.Release|Any CPU.Build.0 = Release|Any CPU
		{04C86EC5-9C1A-4C5E-A8B7-012E96FC5D93}.Debug|Any CPU.ActiveCfg = Debug|Any CPU
		{04C86EC5-9C1A-4C5E-A8B7-012E96FC5D93}.Debug|Any CPU.Build.0 = Debug|Any CPU
		{04C86EC5-9C1A-4C5E-A8B7-012E96FC5D93}.Release|Any CPU.ActiveCfg = Release|Any CPU
		{04C86EC5-9C1A-4C5E-A8B7-012E96FC5D93}.Release|Any CPU.Build.0 = Release|Any CPU
		{19890C3E-891B-4A87-AFFD-A5B4A369A34A}.Debug|Any CPU.ActiveCfg = Debug|Any CPU
		{19890C3E-891B-4A87-AFFD-A5B4A369A34A}.Debug|Any CPU.Build.0 = Debug|Any CPU
		{19890C3E-891B-4A87-AFFD-A5B4A369A34A}.Release|Any CPU.ActiveCfg = Release|Any CPU
		{19890C3E-891B-4A87-AFFD-A5B4A369A34A}.Release|Any CPU.Build.0 = Release|Any CPU
		{3D3DCA91-2756-4E84-AC9F-BE90A1A33968}.Debug|Any CPU.ActiveCfg = Debug|Any CPU
		{3D3DCA91-2756-4E84-AC9F-BE90A1A33968}.Debug|Any CPU.Build.0 = Debug|Any CPU
		{3D3DCA91-2756-4E84-AC9F-BE90A1A33968}.Release|Any CPU.ActiveCfg = Release|Any CPU
		{3D3DCA91-2756-4E84-AC9F-BE90A1A33968}.Release|Any CPU.Build.0 = Release|Any CPU
	EndGlobalSection
	GlobalSection(SolutionProperties) = preSolution
		HideSolutionNode = FALSE
	EndGlobalSection
	GlobalSection(ExtensibilityGlobals) = postSolution
		SolutionGuid = {7398268A-D4A3-4132-92C1-B61B86A5050D}
	EndGlobalSection
EndGlobal
