
Microsoft Visual Studio Solution File, Format Version 12.00
# Visual Studio Version 16
VisualStudioVersion = 16.0.31729.503
MinimumVisualStudioVersion = 10.0.40219.1
Project("{9A19103F-16F7-4668-BE54-9A1E7A4F7556}") = "Masterchef", "Masterchef\Masterchef.csproj", "{BCC35CB8-A8C3-4B80-99D0-9C4B17F70D0F}"
EndProject
Project("{FAE04EC0-301F-11D3-BF4B-00C04F79EFBC}") = "Survivor", "Survivor\Survivor.csproj", "{EBB3B47E-F2A8-4959-A2F0-5395496EA109}"
EndProject
Project("{FAE04EC0-301F-11D3-BF4B-00C04F79EFBC}") = "SkiRental", "SkiRental\SkiRental.csproj", "{5FE8FB21-618B-4D27-9BAA-EB0DEF2326A3}"
EndProject
Global
	GlobalSection(SolutionConfigurationPlatforms) = preSolution
		Debug|Any CPU = Debug|Any CPU
		Release|Any CPU = Release|Any CPU
	EndGlobalSection
	GlobalSection(ProjectConfigurationPlatforms) = postSolution
		{BCC35CB8-A8C3-4B80-99D0-9C4B17F70D0F}.Debug|Any CPU.ActiveCfg = Debug|Any CPU
		{BCC35CB8-A8C3-4B80-99D0-9C4B17F70D0F}.Debug|Any CPU.Build.0 = Debug|Any CPU
		{BCC35CB8-A8C3-4B80-99D0-9C4B17F70D0F}.Release|Any CPU.ActiveCfg = Release|Any CPU
		{BCC35CB8-A8C3-4B80-99D0-9C4B17F70D0F}.Release|Any CPU.Build.0 = Release|Any CPU
		{EBB3B47E-F2A8-4959-A2F0-5395496EA109}.Debug|Any CPU.ActiveCfg = Debug|Any CPU
		{EBB3B47E-F2A8-4959-A2F0-5395496EA109}.Debug|Any CPU.Build.0 = Debug|Any CPU
		{EBB3B47E-F2A8-4959-A2F0-5395496EA109}.Release|Any CPU.ActiveCfg = Release|Any CPU
		{EBB3B47E-F2A8-4959-A2F0-5395496EA109}.Release|Any CPU.Build.0 = Release|Any CPU
		{5FE8FB21-618B-4D27-9BAA-EB0DEF2326A3}.Debug|Any CPU.ActiveCfg = Debug|Any CPU
		{5FE8FB21-618B-4D27-9BAA-EB0DEF2326A3}.Debug|Any CPU.Build.0 = Debug|Any CPU
		{5FE8FB21-618B-4D27-9BAA-EB0DEF2326A3}.Release|Any CPU.ActiveCfg = Release|Any CPU
		{5FE8FB21-618B-4D27-9BAA-EB0DEF2326A3}.Release|Any CPU.Build.0 = Release|Any CPU
	EndGlobalSection
	GlobalSection(SolutionProperties) = preSolution
		HideSolutionNode = FALSE
	EndGlobalSection
	GlobalSection(ExtensibilityGlobals) = postSolution
		SolutionGuid = {6839FD5F-E807-4D29-BA58-44F5D9FD2438}
	EndGlobalSection
EndGlobal
