
Microsoft Visual Studio Solution File, Format Version 12.00
# Visual Studio Version 16
VisualStudioVersion = 16.0.31729.503
MinimumVisualStudioVersion = 10.0.40219.1
Project("{FAE04EC0-301F-11D3-BF4B-00C04F79EFBC}") = "DogAnimalInheritance", "DogAnimalInheritance\DogAnimalInheritance.csproj", "{55F2C05E-4D8C-4688-BA93-03407D21C42B}"
EndProject
Project("{FAE04EC0-301F-11D3-BF4B-00C04F79EFBC}") = "CustomRandomList", "CustomRandomList\CustomRandomList.csproj", "{5E0C7716-6259-4837-865B-4A0A6A29A381}"
EndProject
Project("{FAE04EC0-301F-11D3-BF4B-00C04F79EFBC}") = "CustomStack", "CustomStack\CustomStack.csproj", "{83980778-159C-49F3-9035-1291184682D8}"
EndProject
Global
	GlobalSection(SolutionConfigurationPlatforms) = preSolution
		Debug|Any CPU = Debug|Any CPU
		Release|Any CPU = Release|Any CPU
	EndGlobalSection
	GlobalSection(ProjectConfigurationPlatforms) = postSolution
		{55F2C05E-4D8C-4688-BA93-03407D21C42B}.Debug|Any CPU.ActiveCfg = Debug|Any CPU
		{55F2C05E-4D8C-4688-BA93-03407D21C42B}.Debug|Any CPU.Build.0 = Debug|Any CPU
		{55F2C05E-4D8C-4688-BA93-03407D21C42B}.Release|Any CPU.ActiveCfg = Release|Any CPU
		{55F2C05E-4D8C-4688-BA93-03407D21C42B}.Release|Any CPU.Build.0 = Release|Any CPU
		{5E0C7716-6259-4837-865B-4A0A6A29A381}.Debug|Any CPU.ActiveCfg = Debug|Any CPU
		{5E0C7716-6259-4837-865B-4A0A6A29A381}.Debug|Any CPU.Build.0 = Debug|Any CPU
		{5E0C7716-6259-4837-865B-4A0A6A29A381}.Release|Any CPU.ActiveCfg = Release|Any CPU
		{5E0C7716-6259-4837-865B-4A0A6A29A381}.Release|Any CPU.Build.0 = Release|Any CPU
		{83980778-159C-49F3-9035-1291184682D8}.Debug|Any CPU.ActiveCfg = Debug|Any CPU
		{83980778-159C-49F3-9035-1291184682D8}.Debug|Any CPU.Build.0 = Debug|Any CPU
		{83980778-159C-49F3-9035-1291184682D8}.Release|Any CPU.ActiveCfg = Release|Any CPU
		{83980778-159C-49F3-9035-1291184682D8}.Release|Any CPU.Build.0 = Release|Any CPU
	EndGlobalSection
	GlobalSection(SolutionProperties) = preSolution
		HideSolutionNode = FALSE
	EndGlobalSection
	GlobalSection(ExtensibilityGlobals) = postSolution
		SolutionGuid = {EAA289D4-1D66-4ADA-8CC5-DE20785FAD18}
	EndGlobalSection
EndGlobal
