
Microsoft Visual Studio Solution File, Format Version 12.00
# Visual Studio Version 16
VisualStudioVersion = 16.0.31624.102
MinimumVisualStudioVersion = 10.0.40219.1
Project("{9A19103F-16F7-4668-BE54-9A1E7A4F7556}") = "1. Reverse Strings", "1. Reverse Strings\1. Reverse Strings.csproj", "{BE0CFA29-3C90-4302-938F-9187C845C7B8}"
EndProject
Project("{9A19103F-16F7-4668-BE54-9A1E7A4F7556}") = "2. Stack Sum", "2. Stack Sum\2. Stack Sum.csproj", "{414AE5A4-3B9F-495D-AEE6-807FDDB2F995}"
EndProject
Project("{9A19103F-16F7-4668-BE54-9A1E7A4F7556}") = "3. Simple Calculator", "3. Simple Calculator\3. Simple Calculator.csproj", "{584E74CC-DE11-420E-8AAA-A8D24E3689F6}"
EndProject
Project("{FAE04EC0-301F-11D3-BF4B-00C04F79EFBC}") = "4. Matching Brackets", "4. Matching Brackets\4. Matching Brackets.csproj", "{BAC75C70-6F65-4C91-9B15-1F7AF0E5800B}"
EndProject
Project("{FAE04EC0-301F-11D3-BF4B-00C04F79EFBC}") = "5. Print Even Numbers", "5. Print Even Numbers\5. Print Even Numbers.csproj", "{B422EFF0-4592-43B7-8D4E-974EB072BE94}"
EndProject
Project("{FAE04EC0-301F-11D3-BF4B-00C04F79EFBC}") = "6. Supermarket", "6. Supermarket\6. Supermarket.csproj", "{9A810D5F-6E68-42FE-993F-FC89FD09F799}"
EndProject
Project("{FAE04EC0-301F-11D3-BF4B-00C04F79EFBC}") = "7. Hot Potato", "7. Hot Potato\7. Hot Potato.csproj", "{77A55194-7139-4C99-B179-F05CB63DD33F}"
EndProject
Project("{FAE04EC0-301F-11D3-BF4B-00C04F79EFBC}") = "8. Traffic Jam", "8. Traffic Jam\8. Traffic Jam.csproj", "{2ADC51C7-7F6B-4E36-ABC8-7D1A98A0CD73}"
EndProject
Global
	GlobalSection(SolutionConfigurationPlatforms) = preSolution
		Debug|Any CPU = Debug|Any CPU
		Release|Any CPU = Release|Any CPU
	EndGlobalSection
	GlobalSection(ProjectConfigurationPlatforms) = postSolution
		{BE0CFA29-3C90-4302-938F-9187C845C7B8}.Debug|Any CPU.ActiveCfg = Debug|Any CPU
		{BE0CFA29-3C90-4302-938F-9187C845C7B8}.Debug|Any CPU.Build.0 = Debug|Any CPU
		{BE0CFA29-3C90-4302-938F-9187C845C7B8}.Release|Any CPU.ActiveCfg = Release|Any CPU
		{BE0CFA29-3C90-4302-938F-9187C845C7B8}.Release|Any CPU.Build.0 = Release|Any CPU
		{414AE5A4-3B9F-495D-AEE6-807FDDB2F995}.Debug|Any CPU.ActiveCfg = Debug|Any CPU
		{414AE5A4-3B9F-495D-AEE6-807FDDB2F995}.Debug|Any CPU.Build.0 = Debug|Any CPU
		{414AE5A4-3B9F-495D-AEE6-807FDDB2F995}.Release|Any CPU.ActiveCfg = Release|Any CPU
		{414AE5A4-3B9F-495D-AEE6-807FDDB2F995}.Release|Any CPU.Build.0 = Release|Any CPU
		{584E74CC-DE11-420E-8AAA-A8D24E3689F6}.Debug|Any CPU.ActiveCfg = Debug|Any CPU
		{584E74CC-DE11-420E-8AAA-A8D24E3689F6}.Debug|Any CPU.Build.0 = Debug|Any CPU
		{584E74CC-DE11-420E-8AAA-A8D24E3689F6}.Release|Any CPU.ActiveCfg = Release|Any CPU
		{584E74CC-DE11-420E-8AAA-A8D24E3689F6}.Release|Any CPU.Build.0 = Release|Any CPU
		{BAC75C70-6F65-4C91-9B15-1F7AF0E5800B}.Debug|Any CPU.ActiveCfg = Debug|Any CPU
		{BAC75C70-6F65-4C91-9B15-1F7AF0E5800B}.Debug|Any CPU.Build.0 = Debug|Any CPU
		{BAC75C70-6F65-4C91-9B15-1F7AF0E5800B}.Release|Any CPU.ActiveCfg = Release|Any CPU
		{BAC75C70-6F65-4C91-9B15-1F7AF0E5800B}.Release|Any CPU.Build.0 = Release|Any CPU
		{B422EFF0-4592-43B7-8D4E-974EB072BE94}.Debug|Any CPU.ActiveCfg = Debug|Any CPU
		{B422EFF0-4592-43B7-8D4E-974EB072BE94}.Debug|Any CPU.Build.0 = Debug|Any CPU
		{B422EFF0-4592-43B7-8D4E-974EB072BE94}.Release|Any CPU.ActiveCfg = Release|Any CPU
		{B422EFF0-4592-43B7-8D4E-974EB072BE94}.Release|Any CPU.Build.0 = Release|Any CPU
		{9A810D5F-6E68-42FE-993F-FC89FD09F799}.Debug|Any CPU.ActiveCfg = Debug|Any CPU
		{9A810D5F-6E68-42FE-993F-FC89FD09F799}.Debug|Any CPU.Build.0 = Debug|Any CPU
		{9A810D5F-6E68-42FE-993F-FC89FD09F799}.Release|Any CPU.ActiveCfg = Release|Any CPU
		{9A810D5F-6E68-42FE-993F-FC89FD09F799}.Release|Any CPU.Build.0 = Release|Any CPU
		{77A55194-7139-4C99-B179-F05CB63DD33F}.Debug|Any CPU.ActiveCfg = Debug|Any CPU
		{77A55194-7139-4C99-B179-F05CB63DD33F}.Debug|Any CPU.Build.0 = Debug|Any CPU
		{77A55194-7139-4C99-B179-F05CB63DD33F}.Release|Any CPU.ActiveCfg = Release|Any CPU
		{77A55194-7139-4C99-B179-F05CB63DD33F}.Release|Any CPU.Build.0 = Release|Any CPU
		{2ADC51C7-7F6B-4E36-ABC8-7D1A98A0CD73}.Debug|Any CPU.ActiveCfg = Debug|Any CPU
		{2ADC51C7-7F6B-4E36-ABC8-7D1A98A0CD73}.Debug|Any CPU.Build.0 = Debug|Any CPU
		{2ADC51C7-7F6B-4E36-ABC8-7D1A98A0CD73}.Release|Any CPU.ActiveCfg = Release|Any CPU
		{2ADC51C7-7F6B-4E36-ABC8-7D1A98A0CD73}.Release|Any CPU.Build.0 = Release|Any CPU
	EndGlobalSection
	GlobalSection(SolutionProperties) = preSolution
		HideSolutionNode = FALSE
	EndGlobalSection
	GlobalSection(ExtensibilityGlobals) = postSolution
		SolutionGuid = {3EEE65B2-FDA0-46AD-85FB-10877A004ECF}
	EndGlobalSection
EndGlobal
