
Microsoft Visual Studio Solution File, Format Version 12.00
# Visual Studio Version 17
VisualStudioVersion = 17.0.31903.59
MinimumVisualStudioVersion = 10.0.40219.1
Project("{FAE04EC0-301F-11D3-BF4B-00C04F79EFBC}") = "PersonInfo", "PersonInfo\PersonInfo.csproj", "{8BF33B1C-918A-4ED2-9A56-D4F6F15DA13A}"
EndProject
Project("{FAE04EC0-301F-11D3-BF4B-00C04F79EFBC}") = "Telephony", "Telephony\Telephony.csproj", "{30AB90C2-FB3E-4859-94BA-B29F5C78D076}"
EndProject
Project("{FAE04EC0-301F-11D3-BF4B-00C04F79EFBC}") = "BorderControl", "BorderControl\BorderControl.csproj", "{6BF5A4DD-58B6-4F10-A3CD-5C8093098A3F}"
EndProject
Project("{FAE04EC0-301F-11D3-BF4B-00C04F79EFBC}") = "FoodShortage", "FoodShortage\FoodShortage.csproj", "{76172755-D9AF-47B0-A058-D067DAFAB6DF}"
EndProject
Project("{FAE04EC0-301F-11D3-BF4B-00C04F79EFBC}") = "MilitaryElite", "MilitaryElite\MilitaryElite.csproj", "{B7910185-04D7-4B12-9EDD-D1BB86B19203}"
EndProject
Global
	GlobalSection(SolutionConfigurationPlatforms) = preSolution
		Debug|Any CPU = Debug|Any CPU
		Release|Any CPU = Release|Any CPU
	EndGlobalSection
	GlobalSection(ProjectConfigurationPlatforms) = postSolution
		{8BF33B1C-918A-4ED2-9A56-D4F6F15DA13A}.Debug|Any CPU.ActiveCfg = Debug|Any CPU
		{8BF33B1C-918A-4ED2-9A56-D4F6F15DA13A}.Debug|Any CPU.Build.0 = Debug|Any CPU
		{8BF33B1C-918A-4ED2-9A56-D4F6F15DA13A}.Release|Any CPU.ActiveCfg = Release|Any CPU
		{8BF33B1C-918A-4ED2-9A56-D4F6F15DA13A}.Release|Any CPU.Build.0 = Release|Any CPU
		{30AB90C2-FB3E-4859-94BA-B29F5C78D076}.Debug|Any CPU.ActiveCfg = Debug|Any CPU
		{30AB90C2-FB3E-4859-94BA-B29F5C78D076}.Debug|Any CPU.Build.0 = Debug|Any CPU
		{30AB90C2-FB3E-4859-94BA-B29F5C78D076}.Release|Any CPU.ActiveCfg = Release|Any CPU
		{30AB90C2-FB3E-4859-94BA-B29F5C78D076}.Release|Any CPU.Build.0 = Release|Any CPU
		{6BF5A4DD-58B6-4F10-A3CD-5C8093098A3F}.Debug|Any CPU.ActiveCfg = Debug|Any CPU
		{6BF5A4DD-58B6-4F10-A3CD-5C8093098A3F}.Debug|Any CPU.Build.0 = Debug|Any CPU
		{6BF5A4DD-58B6-4F10-A3CD-5C8093098A3F}.Release|Any CPU.ActiveCfg = Release|Any CPU
		{6BF5A4DD-58B6-4F10-A3CD-5C8093098A3F}.Release|Any CPU.Build.0 = Release|Any CPU
		{76172755-D9AF-47B0-A058-D067DAFAB6DF}.Debug|Any CPU.ActiveCfg = Debug|Any CPU
		{76172755-D9AF-47B0-A058-D067DAFAB6DF}.Debug|Any CPU.Build.0 = Debug|Any CPU
		{76172755-D9AF-47B0-A058-D067DAFAB6DF}.Release|Any CPU.ActiveCfg = Release|Any CPU
		{76172755-D9AF-47B0-A058-D067DAFAB6DF}.Release|Any CPU.Build.0 = Release|Any CPU
		{B7910185-04D7-4B12-9EDD-D1BB86B19203}.Debug|Any CPU.ActiveCfg = Debug|Any CPU
		{B7910185-04D7-4B12-9EDD-D1BB86B19203}.Debug|Any CPU.Build.0 = Debug|Any CPU
		{B7910185-04D7-4B12-9EDD-D1BB86B19203}.Release|Any CPU.ActiveCfg = Release|Any CPU
		{B7910185-04D7-4B12-9EDD-D1BB86B19203}.Release|Any CPU.Build.0 = Release|Any CPU
	EndGlobalSection
	GlobalSection(SolutionProperties) = preSolution
		HideSolutionNode = FALSE
	EndGlobalSection
	GlobalSection(ExtensibilityGlobals) = postSolution
		SolutionGuid = {341F09E6-ED2E-4F04-A631-C27C735726A3}
	EndGlobalSection
EndGlobal
