
Microsoft Visual Studio Solution File, Format Version 12.00
# Visual Studio Version 16
VisualStudioVersion = 16.0.31321.278
MinimumVisualStudioVersion = 10.0.40219.1
Project("{FAE04EC0-301F-11D3-BF4B-00C04F79EFBC}") = "01. Encrypt, Sort and Print Array", "01. Encrypt, Sort and Print Array\01. Encrypt, Sort and Print Array.csproj", "{DB1FE2D7-C6D3-4BA9-AD18-B92B56957191}"
EndProject
Project("{FAE04EC0-301F-11D3-BF4B-00C04F79EFBC}") = "02. Pascal Triangle", "02. Pascal Triangle\02. Pascal Triangle.csproj", "{AC48034D-4D9B-4AA4-B7F1-8AA26561D9E5}"
EndProject
Project("{FAE04EC0-301F-11D3-BF4B-00C04F79EFBC}") = "03. Recursive Fibonacci", "03. Recursive Fibonacci\03. Recursive Fibonacci.csproj", "{1C9998AA-1EBB-49AB-A204-300DA40A72A5}"
EndProject
Project("{FAE04EC0-301F-11D3-BF4B-00C04F79EFBC}") = "04. Fold and Sum", "04. Fold and Sum\04. Fold and Sum.csproj", "{86CE7413-EFF3-48A1-9629-AAB3DAAD6F8D}"
EndProject
Project("{FAE04EC0-301F-11D3-BF4B-00C04F79EFBC}") = "05. Longest Increasing Subsequence", "05. Longest Increasing Subsequence\05. Longest Increasing Subsequence.csproj", "{DA9A07D6-02CA-48A3-A67F-09341293B70A}"
EndProject
Global
	GlobalSection(SolutionConfigurationPlatforms) = preSolution
		Debug|Any CPU = Debug|Any CPU
		Release|Any CPU = Release|Any CPU
	EndGlobalSection
	GlobalSection(ProjectConfigurationPlatforms) = postSolution
		{DB1FE2D7-C6D3-4BA9-AD18-B92B56957191}.Debug|Any CPU.ActiveCfg = Debug|Any CPU
		{DB1FE2D7-C6D3-4BA9-AD18-B92B56957191}.Debug|Any CPU.Build.0 = Debug|Any CPU
		{DB1FE2D7-C6D3-4BA9-AD18-B92B56957191}.Release|Any CPU.ActiveCfg = Release|Any CPU
		{DB1FE2D7-C6D3-4BA9-AD18-B92B56957191}.Release|Any CPU.Build.0 = Release|Any CPU
		{AC48034D-4D9B-4AA4-B7F1-8AA26561D9E5}.Debug|Any CPU.ActiveCfg = Debug|Any CPU
		{AC48034D-4D9B-4AA4-B7F1-8AA26561D9E5}.Debug|Any CPU.Build.0 = Debug|Any CPU
		{AC48034D-4D9B-4AA4-B7F1-8AA26561D9E5}.Release|Any CPU.ActiveCfg = Release|Any CPU
		{AC48034D-4D9B-4AA4-B7F1-8AA26561D9E5}.Release|Any CPU.Build.0 = Release|Any CPU
		{1C9998AA-1EBB-49AB-A204-300DA40A72A5}.Debug|Any CPU.ActiveCfg = Debug|Any CPU
		{1C9998AA-1EBB-49AB-A204-300DA40A72A5}.Debug|Any CPU.Build.0 = Debug|Any CPU
		{1C9998AA-1EBB-49AB-A204-300DA40A72A5}.Release|Any CPU.ActiveCfg = Release|Any CPU
		{1C9998AA-1EBB-49AB-A204-300DA40A72A5}.Release|Any CPU.Build.0 = Release|Any CPU
		{86CE7413-EFF3-48A1-9629-AAB3DAAD6F8D}.Debug|Any CPU.ActiveCfg = Debug|Any CPU
		{86CE7413-EFF3-48A1-9629-AAB3DAAD6F8D}.Debug|Any CPU.Build.0 = Debug|Any CPU
		{86CE7413-EFF3-48A1-9629-AAB3DAAD6F8D}.Release|Any CPU.ActiveCfg = Release|Any CPU
		{86CE7413-EFF3-48A1-9629-AAB3DAAD6F8D}.Release|Any CPU.Build.0 = Release|Any CPU
		{DA9A07D6-02CA-48A3-A67F-09341293B70A}.Debug|Any CPU.ActiveCfg = Debug|Any CPU
		{DA9A07D6-02CA-48A3-A67F-09341293B70A}.Debug|Any CPU.Build.0 = Debug|Any CPU
		{DA9A07D6-02CA-48A3-A67F-09341293B70A}.Release|Any CPU.ActiveCfg = Release|Any CPU
		{DA9A07D6-02CA-48A3-A67F-09341293B70A}.Release|Any CPU.Build.0 = Release|Any CPU
	EndGlobalSection
	GlobalSection(SolutionProperties) = preSolution
		HideSolutionNode = FALSE
	EndGlobalSection
	GlobalSection(ExtensibilityGlobals) = postSolution
		SolutionGuid = {8EC60188-8360-4DEB-B035-26D34A33C89D}
	EndGlobalSection
EndGlobal
