
Microsoft Visual Studio Solution File, Format Version 12.00
# Visual Studio Version 16
VisualStudioVersion = 16.0.31515.178
MinimumVisualStudioVersion = 10.0.40219.1
Project("{9A19103F-16F7-4668-BE54-9A1E7A4F7556}") = "01.Chars in String", "01.Chars in String\01.Chars in String.csproj", "{26FF5712-D8DE-47AC-87EE-9A51A74E8A88}"
EndProject
Project("{9A19103F-16F7-4668-BE54-9A1E7A4F7556}") = "02. Miner", "02. Miner\02. Miner.csproj", "{5E7FB822-AF87-4026-9901-67CE4DB6AF4E}"
EndProject
Project("{9A19103F-16F7-4668-BE54-9A1E7A4F7556}") = "03.Farming", "03.Farming\03.Farming.csproj", "{6B32E660-CC70-42BC-A3CB-331A90171C82}"
EndProject
Project("{9A19103F-16F7-4668-BE54-9A1E7A4F7556}") = "04.Orders", "04.Orders\04.Orders.csproj", "{329FC5D0-2CFF-4AD5-ABF8-715EFDE05046}"
EndProject
Project("{9A19103F-16F7-4668-BE54-9A1E7A4F7556}") = "05.Parking", "05.Parking\05.Parking.csproj", "{0333BAC2-9509-45B8-8D06-137FF042FF6C}"
EndProject
Project("{9A19103F-16F7-4668-BE54-9A1E7A4F7556}") = "06.Courses", "06.Courses\06.Courses.csproj", "{30F04D6C-C865-4AE9-BD8B-2D8EC4A032F1}"
EndProject
Project("{FAE04EC0-301F-11D3-BF4B-00C04F79EFBC}") = "07.Academy", "07.Academy\07.Academy.csproj", "{A043552A-5120-4DC5-B7A6-4B51F70A4C79}"
EndProject
Project("{FAE04EC0-301F-11D3-BF4B-00C04F79EFBC}") = "08.Company", "08.Company\08.Company.csproj", "{52D1BA3C-9C47-4D95-9075-F40E8C1B7AD0}"
EndProject
Global
	GlobalSection(SolutionConfigurationPlatforms) = preSolution
		Debug|Any CPU = Debug|Any CPU
		Release|Any CPU = Release|Any CPU
	EndGlobalSection
	GlobalSection(ProjectConfigurationPlatforms) = postSolution
		{26FF5712-D8DE-47AC-87EE-9A51A74E8A88}.Debug|Any CPU.ActiveCfg = Debug|Any CPU
		{26FF5712-D8DE-47AC-87EE-9A51A74E8A88}.Debug|Any CPU.Build.0 = Debug|Any CPU
		{26FF5712-D8DE-47AC-87EE-9A51A74E8A88}.Release|Any CPU.ActiveCfg = Release|Any CPU
		{26FF5712-D8DE-47AC-87EE-9A51A74E8A88}.Release|Any CPU.Build.0 = Release|Any CPU
		{5E7FB822-AF87-4026-9901-67CE4DB6AF4E}.Debug|Any CPU.ActiveCfg = Debug|Any CPU
		{5E7FB822-AF87-4026-9901-67CE4DB6AF4E}.Debug|Any CPU.Build.0 = Debug|Any CPU
		{5E7FB822-AF87-4026-9901-67CE4DB6AF4E}.Release|Any CPU.ActiveCfg = Release|Any CPU
		{5E7FB822-AF87-4026-9901-67CE4DB6AF4E}.Release|Any CPU.Build.0 = Release|Any CPU
		{6B32E660-CC70-42BC-A3CB-331A90171C82}.Debug|Any CPU.ActiveCfg = Debug|Any CPU
		{6B32E660-CC70-42BC-A3CB-331A90171C82}.Debug|Any CPU.Build.0 = Debug|Any CPU
		{6B32E660-CC70-42BC-A3CB-331A90171C82}.Release|Any CPU.ActiveCfg = Release|Any CPU
		{6B32E660-CC70-42BC-A3CB-331A90171C82}.Release|Any CPU.Build.0 = Release|Any CPU
		{329FC5D0-2CFF-4AD5-ABF8-715EFDE05046}.Debug|Any CPU.ActiveCfg = Debug|Any CPU
		{329FC5D0-2CFF-4AD5-ABF8-715EFDE05046}.Debug|Any CPU.Build.0 = Debug|Any CPU
		{329FC5D0-2CFF-4AD5-ABF8-715EFDE05046}.Release|Any CPU.ActiveCfg = Release|Any CPU
		{329FC5D0-2CFF-4AD5-ABF8-715EFDE05046}.Release|Any CPU.Build.0 = Release|Any CPU
		{0333BAC2-9509-45B8-8D06-137FF042FF6C}.Debug|Any CPU.ActiveCfg = Debug|Any CPU
		{0333BAC2-9509-45B8-8D06-137FF042FF6C}.Debug|Any CPU.Build.0 = Debug|Any CPU
		{0333BAC2-9509-45B8-8D06-137FF042FF6C}.Release|Any CPU.ActiveCfg = Release|Any CPU
		{0333BAC2-9509-45B8-8D06-137FF042FF6C}.Release|Any CPU.Build.0 = Release|Any CPU
		{30F04D6C-C865-4AE9-BD8B-2D8EC4A032F1}.Debug|Any CPU.ActiveCfg = Debug|Any CPU
		{30F04D6C-C865-4AE9-BD8B-2D8EC4A032F1}.Debug|Any CPU.Build.0 = Debug|Any CPU
		{30F04D6C-C865-4AE9-BD8B-2D8EC4A032F1}.Release|Any CPU.ActiveCfg = Release|Any CPU
		{30F04D6C-C865-4AE9-BD8B-2D8EC4A032F1}.Release|Any CPU.Build.0 = Release|Any CPU
		{A043552A-5120-4DC5-B7A6-4B51F70A4C79}.Debug|Any CPU.ActiveCfg = Debug|Any CPU
		{A043552A-5120-4DC5-B7A6-4B51F70A4C79}.Debug|Any CPU.Build.0 = Debug|Any CPU
		{A043552A-5120-4DC5-B7A6-4B51F70A4C79}.Release|Any CPU.ActiveCfg = Release|Any CPU
		{A043552A-5120-4DC5-B7A6-4B51F70A4C79}.Release|Any CPU.Build.0 = Release|Any CPU
		{52D1BA3C-9C47-4D95-9075-F40E8C1B7AD0}.Debug|Any CPU.ActiveCfg = Debug|Any CPU
		{52D1BA3C-9C47-4D95-9075-F40E8C1B7AD0}.Debug|Any CPU.Build.0 = Debug|Any CPU
		{52D1BA3C-9C47-4D95-9075-F40E8C1B7AD0}.Release|Any CPU.ActiveCfg = Release|Any CPU
		{52D1BA3C-9C47-4D95-9075-F40E8C1B7AD0}.Release|Any CPU.Build.0 = Release|Any CPU
	EndGlobalSection
	GlobalSection(SolutionProperties) = preSolution
		HideSolutionNode = FALSE
	EndGlobalSection
	GlobalSection(ExtensibilityGlobals) = postSolution
		SolutionGuid = {979C8C96-4776-4980-A470-DE28608A11F3}
	EndGlobalSection
EndGlobal
