
Microsoft Visual Studio Solution File, Format Version 12.00
# Visual Studio Version 16
VisualStudioVersion = 16.0.31402.337
MinimumVisualStudioVersion = 10.0.40219.1
Project("{9A19103F-16F7-4668-BE54-9A1E7A4F7556}") = "01. Randomize Words", "01. Randomize Words\01. Randomize Words.csproj", "{C69ADB48-EB49-4CF3-97E2-627AC37F1411}"
EndProject
Project("{FAE04EC0-301F-11D3-BF4B-00C04F79EFBC}") = "02. Big Factorial", "02. Big Factorial\02. Big Factorial.csproj", "{8319C837-545A-4FB7-866A-E0D1FBF4B63F}"
EndProject
Project("{FAE04EC0-301F-11D3-BF4B-00C04F79EFBC}") = "03. Songs", "03. Songs\03. Songs.csproj", "{85112FE1-DCE8-40DE-850B-BF154AE046C2}"
EndProject
Project("{FAE04EC0-301F-11D3-BF4B-00C04F79EFBC}") = "04. Students", "04. Students\04. Students.csproj", "{0BF0E12B-0143-4175-8CF2-6E8BA7344327}"
EndProject
Project("{FAE04EC0-301F-11D3-BF4B-00C04F79EFBC}") = "05. Students 2.0", "05. Students 2.0\05. Students 2.0.csproj", "{74DD5E0B-8F83-4C95-844D-DAF687B1427A}"
EndProject
Project("{FAE04EC0-301F-11D3-BF4B-00C04F79EFBC}") = "06. Store Boxes", "06. Store Boxes\06. Store Boxes.csproj", "{248BC118-FEA7-47AC-9743-0159020D9476}"
EndProject
Project("{FAE04EC0-301F-11D3-BF4B-00C04F79EFBC}") = "07. Vehicle Catalogue", "07. Vehicle Catalogue\07. Vehicle Catalogue.csproj", "{8AAB5191-6A61-4F15-AFB2-03DC16EAAD4A}"
EndProject
Global
	GlobalSection(SolutionConfigurationPlatforms) = preSolution
		Debug|Any CPU = Debug|Any CPU
		Release|Any CPU = Release|Any CPU
	EndGlobalSection
	GlobalSection(ProjectConfigurationPlatforms) = postSolution
		{C69ADB48-EB49-4CF3-97E2-627AC37F1411}.Debug|Any CPU.ActiveCfg = Debug|Any CPU
		{C69ADB48-EB49-4CF3-97E2-627AC37F1411}.Debug|Any CPU.Build.0 = Debug|Any CPU
		{C69ADB48-EB49-4CF3-97E2-627AC37F1411}.Release|Any CPU.ActiveCfg = Release|Any CPU
		{C69ADB48-EB49-4CF3-97E2-627AC37F1411}.Release|Any CPU.Build.0 = Release|Any CPU
		{8319C837-545A-4FB7-866A-E0D1FBF4B63F}.Debug|Any CPU.ActiveCfg = Debug|Any CPU
		{8319C837-545A-4FB7-866A-E0D1FBF4B63F}.Debug|Any CPU.Build.0 = Debug|Any CPU
		{8319C837-545A-4FB7-866A-E0D1FBF4B63F}.Release|Any CPU.ActiveCfg = Release|Any CPU
		{8319C837-545A-4FB7-866A-E0D1FBF4B63F}.Release|Any CPU.Build.0 = Release|Any CPU
		{85112FE1-DCE8-40DE-850B-BF154AE046C2}.Debug|Any CPU.ActiveCfg = Debug|Any CPU
		{85112FE1-DCE8-40DE-850B-BF154AE046C2}.Debug|Any CPU.Build.0 = Debug|Any CPU
		{85112FE1-DCE8-40DE-850B-BF154AE046C2}.Release|Any CPU.ActiveCfg = Release|Any CPU
		{85112FE1-DCE8-40DE-850B-BF154AE046C2}.Release|Any CPU.Build.0 = Release|Any CPU
		{0BF0E12B-0143-4175-8CF2-6E8BA7344327}.Debug|Any CPU.ActiveCfg = Debug|Any CPU
		{0BF0E12B-0143-4175-8CF2-6E8BA7344327}.Debug|Any CPU.Build.0 = Debug|Any CPU
		{0BF0E12B-0143-4175-8CF2-6E8BA7344327}.Release|Any CPU.ActiveCfg = Release|Any CPU
		{0BF0E12B-0143-4175-8CF2-6E8BA7344327}.Release|Any CPU.Build.0 = Release|Any CPU
		{74DD5E0B-8F83-4C95-844D-DAF687B1427A}.Debug|Any CPU.ActiveCfg = Debug|Any CPU
		{74DD5E0B-8F83-4C95-844D-DAF687B1427A}.Debug|Any CPU.Build.0 = Debug|Any CPU
		{74DD5E0B-8F83-4C95-844D-DAF687B1427A}.Release|Any CPU.ActiveCfg = Release|Any CPU
		{74DD5E0B-8F83-4C95-844D-DAF687B1427A}.Release|Any CPU.Build.0 = Release|Any CPU
		{248BC118-FEA7-47AC-9743-0159020D9476}.Debug|Any CPU.ActiveCfg = Debug|Any CPU
		{248BC118-FEA7-47AC-9743-0159020D9476}.Debug|Any CPU.Build.0 = Debug|Any CPU
		{248BC118-FEA7-47AC-9743-0159020D9476}.Release|Any CPU.ActiveCfg = Release|Any CPU
		{248BC118-FEA7-47AC-9743-0159020D9476}.Release|Any CPU.Build.0 = Release|Any CPU
		{8AAB5191-6A61-4F15-AFB2-03DC16EAAD4A}.Debug|Any CPU.ActiveCfg = Debug|Any CPU
		{8AAB5191-6A61-4F15-AFB2-03DC16EAAD4A}.Debug|Any CPU.Build.0 = Debug|Any CPU
		{8AAB5191-6A61-4F15-AFB2-03DC16EAAD4A}.Release|Any CPU.ActiveCfg = Release|Any CPU
		{8AAB5191-6A61-4F15-AFB2-03DC16EAAD4A}.Release|Any CPU.Build.0 = Release|Any CPU
	EndGlobalSection
	GlobalSection(SolutionProperties) = preSolution
		HideSolutionNode = FALSE
	EndGlobalSection
	GlobalSection(ExtensibilityGlobals) = postSolution
		SolutionGuid = {678BC61B-0A74-4415-85AA-6DDF46184067}
	EndGlobalSection
EndGlobal
