
Microsoft Visual Studio Solution File, Format Version 12.00
# Visual Studio Version 16
VisualStudioVersion = 16.0.31205.134
MinimumVisualStudioVersion = 10.0.40219.1
Project("{9A19103F-16F7-4668-BE54-9A1E7A4F7556}") = "01. Convert Meters to Kilometers", "01. Convert Meters to Kilometers\01. Convert Meters to Kilometers.csproj", "{A67CF5CC-1BDC-41DE-8E0D-3EAE49B84AFE}"
EndProject
Project("{9A19103F-16F7-4668-BE54-9A1E7A4F7556}") = "02. Pounds to Dollars", "02. Pounds to Dollars\02. Pounds to Dollars.csproj", "{B09EFE13-67BA-4930-B6A2-449B6C2351E1}"
EndProject
Project("{9A19103F-16F7-4668-BE54-9A1E7A4F7556}") = "03. Exact Sum of Real Numbers", "03. Exact Sum of Real Numbers\03. Exact Sum of Real Numbers.csproj", "{F0DAF49D-C322-4718-A05C-0E0B87291D59}"
EndProject
Project("{9A19103F-16F7-4668-BE54-9A1E7A4F7556}") = "04. Centuries to Minutes", "04. Centuries to Minutes\04. Centuries to Minutes.csproj", "{54754C8E-6A38-4C16-AA15-A02068DFAAFD}"
EndProject
Project("{9A19103F-16F7-4668-BE54-9A1E7A4F7556}") = "05. Special Numbers", "05. Special Numbers\05. Special Numbers.csproj", "{B3B96F59-7A0B-4663-8899-31271F5F9BAA}"
EndProject
Project("{9A19103F-16F7-4668-BE54-9A1E7A4F7556}") = "06. Reversed Chars", "06. Reversed Chars\06. Reversed Chars.csproj", "{82F01C75-3E94-494A-BA9F-4EBACAB4876B}"
EndProject
Project("{9A19103F-16F7-4668-BE54-9A1E7A4F7556}") = "07. Concat Names", "07. Concat Names\07. Concat Names.csproj", "{7A74E1B8-5500-4D44-84AA-4E88B9D2CBD8}"
EndProject
Project("{FAE04EC0-301F-11D3-BF4B-00C04F79EFBC}") = "08. Town Info", "08. Town Info\08. Town Info.csproj", "{4C075E54-CCF3-4C52-90A3-4C9A4622978D}"
EndProject
Project("{FAE04EC0-301F-11D3-BF4B-00C04F79EFBC}") = "09. Chars to String", "09. Chars to String\09. Chars to String.csproj", "{48FC2508-E523-4598-A4B0-572E25163F96}"
EndProject
Global
	GlobalSection(SolutionConfigurationPlatforms) = preSolution
		Debug|Any CPU = Debug|Any CPU
		Release|Any CPU = Release|Any CPU
	EndGlobalSection
	GlobalSection(ProjectConfigurationPlatforms) = postSolution
		{A67CF5CC-1BDC-41DE-8E0D-3EAE49B84AFE}.Debug|Any CPU.ActiveCfg = Debug|Any CPU
		{A67CF5CC-1BDC-41DE-8E0D-3EAE49B84AFE}.Debug|Any CPU.Build.0 = Debug|Any CPU
		{A67CF5CC-1BDC-41DE-8E0D-3EAE49B84AFE}.Release|Any CPU.ActiveCfg = Release|Any CPU
		{A67CF5CC-1BDC-41DE-8E0D-3EAE49B84AFE}.Release|Any CPU.Build.0 = Release|Any CPU
		{B09EFE13-67BA-4930-B6A2-449B6C2351E1}.Debug|Any CPU.ActiveCfg = Debug|Any CPU
		{B09EFE13-67BA-4930-B6A2-449B6C2351E1}.Debug|Any CPU.Build.0 = Debug|Any CPU
		{B09EFE13-67BA-4930-B6A2-449B6C2351E1}.Release|Any CPU.ActiveCfg = Release|Any CPU
		{B09EFE13-67BA-4930-B6A2-449B6C2351E1}.Release|Any CPU.Build.0 = Release|Any CPU
		{F0DAF49D-C322-4718-A05C-0E0B87291D59}.Debug|Any CPU.ActiveCfg = Debug|Any CPU
		{F0DAF49D-C322-4718-A05C-0E0B87291D59}.Debug|Any CPU.Build.0 = Debug|Any CPU
		{F0DAF49D-C322-4718-A05C-0E0B87291D59}.Release|Any CPU.ActiveCfg = Release|Any CPU
		{F0DAF49D-C322-4718-A05C-0E0B87291D59}.Release|Any CPU.Build.0 = Release|Any CPU
		{54754C8E-6A38-4C16-AA15-A02068DFAAFD}.Debug|Any CPU.ActiveCfg = Debug|Any CPU
		{54754C8E-6A38-4C16-AA15-A02068DFAAFD}.Debug|Any CPU.Build.0 = Debug|Any CPU
		{54754C8E-6A38-4C16-AA15-A02068DFAAFD}.Release|Any CPU.ActiveCfg = Release|Any CPU
		{54754C8E-6A38-4C16-AA15-A02068DFAAFD}.Release|Any CPU.Build.0 = Release|Any CPU
		{B3B96F59-7A0B-4663-8899-31271F5F9BAA}.Debug|Any CPU.ActiveCfg = Debug|Any CPU
		{B3B96F59-7A0B-4663-8899-31271F5F9BAA}.Debug|Any CPU.Build.0 = Debug|Any CPU
		{B3B96F59-7A0B-4663-8899-31271F5F9BAA}.Release|Any CPU.ActiveCfg = Release|Any CPU
		{B3B96F59-7A0B-4663-8899-31271F5F9BAA}.Release|Any CPU.Build.0 = Release|Any CPU
		{82F01C75-3E94-494A-BA9F-4EBACAB4876B}.Debug|Any CPU.ActiveCfg = Debug|Any CPU
		{82F01C75-3E94-494A-BA9F-4EBACAB4876B}.Debug|Any CPU.Build.0 = Debug|Any CPU
		{82F01C75-3E94-494A-BA9F-4EBACAB4876B}.Release|Any CPU.ActiveCfg = Release|Any CPU
		{82F01C75-3E94-494A-BA9F-4EBACAB4876B}.Release|Any CPU.Build.0 = Release|Any CPU
		{7A74E1B8-5500-4D44-84AA-4E88B9D2CBD8}.Debug|Any CPU.ActiveCfg = Debug|Any CPU
		{7A74E1B8-5500-4D44-84AA-4E88B9D2CBD8}.Debug|Any CPU.Build.0 = Debug|Any CPU
		{7A74E1B8-5500-4D44-84AA-4E88B9D2CBD8}.Release|Any CPU.ActiveCfg = Release|Any CPU
		{7A74E1B8-5500-4D44-84AA-4E88B9D2CBD8}.Release|Any CPU.Build.0 = Release|Any CPU
		{4C075E54-CCF3-4C52-90A3-4C9A4622978D}.Debug|Any CPU.ActiveCfg = Debug|Any CPU
		{4C075E54-CCF3-4C52-90A3-4C9A4622978D}.Debug|Any CPU.Build.0 = Debug|Any CPU
		{4C075E54-CCF3-4C52-90A3-4C9A4622978D}.Release|Any CPU.ActiveCfg = Release|Any CPU
		{4C075E54-CCF3-4C52-90A3-4C9A4622978D}.Release|Any CPU.Build.0 = Release|Any CPU
		{48FC2508-E523-4598-A4B0-572E25163F96}.Debug|Any CPU.ActiveCfg = Debug|Any CPU
		{48FC2508-E523-4598-A4B0-572E25163F96}.Debug|Any CPU.Build.0 = Debug|Any CPU
		{48FC2508-E523-4598-A4B0-572E25163F96}.Release|Any CPU.ActiveCfg = Release|Any CPU
		{48FC2508-E523-4598-A4B0-572E25163F96}.Release|Any CPU.Build.0 = Release|Any CPU
	EndGlobalSection
	GlobalSection(SolutionProperties) = preSolution
		HideSolutionNode = FALSE
	EndGlobalSection
	GlobalSection(ExtensibilityGlobals) = postSolution
		SolutionGuid = {D8FA26B9-EC20-4F10-802C-215D035EB8DD}
	EndGlobalSection
EndGlobal
