
Microsoft Visual Studio Solution File, Format Version 12.00
# Visual Studio Version 17
VisualStudioVersion = 17.0.31912.275
MinimumVisualStudioVersion = 10.0.40219.1
Project("{9A19103F-16F7-4668-BE54-9A1E7A4F7556}") = "Presents.Tests", "Presents.Tests\Presents.Tests.csproj", "{BAF1C03B-40BE-43ED-A06A-078240F39483}"
EndProject
Project("{9A19103F-16F7-4668-BE54-9A1E7A4F7556}") = "Presents", "Presents\Presents.csproj", "{F26A788F-DB41-4B4D-B588-5948873B4535}"
EndProject
Global
	GlobalSection(SolutionConfigurationPlatforms) = preSolution
		Debug|Any CPU = Debug|Any CPU
		Release|Any CPU = Release|Any CPU
	EndGlobalSection
	GlobalSection(ProjectConfigurationPlatforms) = postSolution
		{BAF1C03B-40BE-43ED-A06A-078240F39483}.Debug|Any CPU.ActiveCfg = Debug|Any CPU
		{BAF1C03B-40BE-43ED-A06A-078240F39483}.Debug|Any CPU.Build.0 = Debug|Any CPU
		{BAF1C03B-40BE-43ED-A06A-078240F39483}.Release|Any CPU.ActiveCfg = Release|Any CPU
		{BAF1C03B-40BE-43ED-A06A-078240F39483}.Release|Any CPU.Build.0 = Release|Any CPU
		{F26A788F-DB41-4B4D-B588-5948873B4535}.Debug|Any CPU.ActiveCfg = Debug|Any CPU
		{F26A788F-DB41-4B4D-B588-5948873B4535}.Debug|Any CPU.Build.0 = Debug|Any CPU
		{F26A788F-DB41-4B4D-B588-5948873B4535}.Release|Any CPU.ActiveCfg = Release|Any CPU
		{F26A788F-DB41-4B4D-B588-5948873B4535}.Release|Any CPU.Build.0 = Release|Any CPU
	EndGlobalSection
	GlobalSection(SolutionProperties) = preSolution
		HideSolutionNode = FALSE
	EndGlobalSection
	GlobalSection(ExtensibilityGlobals) = postSolution
		SolutionGuid = {BB33FAA1-8F85-47AB-B954-5A595FAAD3B3}
	EndGlobalSection
EndGlobal
