
Microsoft Visual Studio Solution File, Format Version 12.00
# Visual Studio Version 16
VisualStudioVersion = 16.0.31515.178
MinimumVisualStudioVersion = 10.0.40219.1
Project("{FAE04EC0-301F-11D3-BF4B-00C04F79EFBC}") = "01.Reverse Strings", "01.Reverse Strings\01.Reverse Strings.csproj", "{8BC8290B-75CD-4DD9-8D97-C1525AADF0D9}"
EndProject
Project("{FAE04EC0-301F-11D3-BF4B-00C04F79EFBC}") = "02. Repeat Strings", "02. Repeat Strings\02. Repeat Strings.csproj", "{DB8EA782-F56C-4F5C-9F66-B9F1F22179C8}"
EndProject
Global
	GlobalSection(SolutionConfigurationPlatforms) = preSolution
		Debug|Any CPU = Debug|Any CPU
		Release|Any CPU = Release|Any CPU
	EndGlobalSection
	GlobalSection(ProjectConfigurationPlatforms) = postSolution
		{8BC8290B-75CD-4DD9-8D97-C1525AADF0D9}.Debug|Any CPU.ActiveCfg = Debug|Any CPU
		{8BC8290B-75CD-4DD9-8D97-C1525AADF0D9}.Debug|Any CPU.Build.0 = Debug|Any CPU
		{8BC8290B-75CD-4DD9-8D97-C1525AADF0D9}.Release|Any CPU.ActiveCfg = Release|Any CPU
		{8BC8290B-75CD-4DD9-8D97-C1525AADF0D9}.Release|Any CPU.Build.0 = Release|Any CPU
		{DB8EA782-F56C-4F5C-9F66-B9F1F22179C8}.Debug|Any CPU.ActiveCfg = Debug|Any CPU
		{DB8EA782-F56C-4F5C-9F66-B9F1F22179C8}.Debug|Any CPU.Build.0 = Debug|Any CPU
		{DB8EA782-F56C-4F5C-9F66-B9F1F22179C8}.Release|Any CPU.ActiveCfg = Release|Any CPU
		{DB8EA782-F56C-4F5C-9F66-B9F1F22179C8}.Release|Any CPU.Build.0 = Release|Any CPU
	EndGlobalSection
	GlobalSection(SolutionProperties) = preSolution
		HideSolutionNode = FALSE
	EndGlobalSection
	GlobalSection(ExtensibilityGlobals) = postSolution
		SolutionGuid = {30D9CE62-DC72-446F-A9E7-642775464E16}
	EndGlobalSection
EndGlobal
