
Microsoft Visual Studio Solution File, Format Version 12.00
# Visual Studio Version 16
VisualStudioVersion = 16.0.31729.503
MinimumVisualStudioVersion = 10.0.40219.1
Project("{FAE04EC0-301F-11D3-BF4B-00C04F79EFBC}") = "FoodFinder", "FoodFinder\FoodFinder.csproj", "{7BE1530D-E69F-4746-85B9-6A79D34F64B9}"
EndProject
Project("{FAE04EC0-301F-11D3-BF4B-00C04F79EFBC}") = "PawnWars", "PawnWars\PawnWars.csproj", "{D5DF4561-31D1-46F8-B9BD-1B3B7846C25D}"
EndProject
Project("{9A19103F-16F7-4668-BE54-9A1E7A4F7556}") = "StockMarket", "C:\Users\venit\Downloads\Skeleton\StockMarket\StockMarket.csproj", "{921F63EA-4AF2-4960-A8E9-B75E6B4CB781}"
EndProject
Global
	GlobalSection(SolutionConfigurationPlatforms) = preSolution
		Debug|Any CPU = Debug|Any CPU
		Release|Any CPU = Release|Any CPU
	EndGlobalSection
	GlobalSection(ProjectConfigurationPlatforms) = postSolution
		{7BE1530D-E69F-4746-85B9-6A79D34F64B9}.Debug|Any CPU.ActiveCfg = Debug|Any CPU
		{7BE1530D-E69F-4746-85B9-6A79D34F64B9}.Debug|Any CPU.Build.0 = Debug|Any CPU
		{7BE1530D-E69F-4746-85B9-6A79D34F64B9}.Release|Any CPU.ActiveCfg = Release|Any CPU
		{7BE1530D-E69F-4746-85B9-6A79D34F64B9}.Release|Any CPU.Build.0 = Release|Any CPU
		{D5DF4561-31D1-46F8-B9BD-1B3B7846C25D}.Debug|Any CPU.ActiveCfg = Debug|Any CPU
		{D5DF4561-31D1-46F8-B9BD-1B3B7846C25D}.Debug|Any CPU.Build.0 = Debug|Any CPU
		{D5DF4561-31D1-46F8-B9BD-1B3B7846C25D}.Release|Any CPU.ActiveCfg = Release|Any CPU
		{D5DF4561-31D1-46F8-B9BD-1B3B7846C25D}.Release|Any CPU.Build.0 = Release|Any CPU
		{921F63EA-4AF2-4960-A8E9-B75E6B4CB781}.Debug|Any CPU.ActiveCfg = Debug|Any CPU
		{921F63EA-4AF2-4960-A8E9-B75E6B4CB781}.Debug|Any CPU.Build.0 = Debug|Any CPU
		{921F63EA-4AF2-4960-A8E9-B75E6B4CB781}.Release|Any CPU.ActiveCfg = Release|Any CPU
		{921F63EA-4AF2-4960-A8E9-B75E6B4CB781}.Release|Any CPU.Build.0 = Release|Any CPU
	EndGlobalSection
	GlobalSection(SolutionProperties) = preSolution
		HideSolutionNode = FALSE
	EndGlobalSection
	GlobalSection(ExtensibilityGlobals) = postSolution
		SolutionGuid = {E8DF6710-7E16-47FC-BA81-2DD0D939ABC5}
	EndGlobalSection
EndGlobal
